
Microsoft Visual Studio Solution File, Format Version 12.00
# Visual Studio Version 17
VisualStudioVersion = 17.14.36518.9 d17.14
MinimumVisualStudioVersion = 10.0.40219.1
Project("{FAE04EC0-301F-11D3-BF4B-00C04F79EFBC}") = "QuanLyCLB_LSC", "QuanLyCLB_LSC.csproj", "{E2350129-EC60-4F5A-BE35-224BC4491F50}"
EndProject
Global
	GlobalSection(SolutionConfigurationPlatforms) = preSolution
		Debug|Any CPU = Debug|Any CPU
		Release|Any CPU = Release|Any CPU
	EndGlobalSection
	GlobalSection(ProjectConfigurationPlatforms) = postSolution
		{E2350129-EC60-4F5A-BE35-224BC4491F50}.Debug|Any CPU.ActiveCfg = Debug|Any CPU
		{E2350129-EC60-4F5A-BE35-224BC4491F50}.Debug|Any CPU.Build.0 = Debug|Any CPU
		{E2350129-EC60-4F5A-BE35-224BC4491F50}.Release|Any CPU.ActiveCfg = Release|Any CPU
		{E2350129-EC60-4F5A-BE35-224BC4491F50}.Release|Any CPU.Build.0 = Release|Any CPU
	EndGlobalSection
	GlobalSection(SolutionProperties) = preSolution
		HideSolutionNode = FALSE
	EndGlobalSection
	GlobalSection(ExtensibilityGlobals) = postSolution
		SolutionGuid = {0BC42D3C-2009-4E67-A430-12C1374890BE}
	EndGlobalSection
EndGlobal
